Microsoft Visual Studio Solution File, Format Version 12.00
# Visual Studio Express 2013 for Windows Desktop
VisualStudioVersion = 12.0.21005.1
MinimumVisualStudioVersion = 10.0.40219.1
Project("{FAE04EC0-301F-11D3-BF4B-00C04F79EFBC}") = "DanceFloor", "DanceFloor\DanceFloor.csproj", "{F197E6C1-A2A6-497B-85D1-F5355C39D875}"
EndProject
Project("{FAE04EC0-301F-11D3-BF4B-00C04F79EFBC}") = "Common", "Common\Common.csproj", "{74604551-7DE0-452A-901D-021ECE33B1DB}"
EndProject
Project("{FAE04EC0-301F-11D3-BF4B-00C04F79EFBC}") = "ApplicationServices", "ApplicationServices\ApplicationServices.csproj", "{0C9FB266-01DA-49B5-B52C-384887A7754E}"
EndProject
Project("{FAE04EC0-301F-11D3-BF4B-00C04F79EFBC}") = "GameLayer", "GameLayer\GameLayer.csproj", "{E1E66C28-82CA-4373-98CA-4F1D989EF82A}"
EndProject
Global
	GlobalSection(SolutionConfigurationPlatforms) = preSolution
		Debug|Any CPU = Debug|Any CPU
		Release|Any CPU = Release|Any CPU
	EndGlobalSection
	GlobalSection(ProjectConfigurationPlatforms) = postSolution
		{F197E6C1-A2A6-497B-85D1-F5355C39D875}.Debug|Any CPU.ActiveCfg = Debug|Any CPU
		{F197E6C1-A2A6-497B-85D1-F5355C39D875}.Debug|Any CPU.Build.0 = Debug|Any CPU
		{F197E6C1-A2A6-497B-85D1-F5355C39D875}.Release|Any CPU.ActiveCfg = Release|Any CPU
		{F197E6C1-A2A6-497B-85D1-F5355C39D875}.Release|Any CPU.Build.0 = Release|Any CPU
		{74604551-7DE0-452A-901D-021ECE33B1DB}.Debug|Any CPU.ActiveCfg = Debug|Any CPU
		{74604551-7DE0-452A-901D-021ECE33B1DB}.Debug|Any CPU.Build.0 = Debug|Any CPU
		{74604551-7DE0-452A-901D-021ECE33B1DB}.Release|Any CPU.ActiveCfg = Release|Any CPU
		{74604551-7DE0-452A-901D-021ECE33B1DB}.Release|Any CPU.Build.0 = Release|Any CPU
		{0C9FB266-01DA-49B5-B52C-384887A7754E}.Debug|Any CPU.ActiveCfg = Debug|Any CPU
		{0C9FB266-01DA-49B5-B52C-384887A7754E}.Debug|Any CPU.Build.0 = Debug|Any CPU
		{0C9FB266-01DA-49B5-B52C-384887A7754E}.Release|Any CPU.ActiveCfg = Release|Any CPU
		{0C9FB266-01DA-49B5-B52C-384887A7754E}.Release|Any CPU.Build.0 = Release|Any CPU
		{E1E66C28-82CA-4373-98CA-4F1D989EF82A}.Debug|Any CPU.ActiveCfg = Debug|Any CPU
		{E1E66C28-82CA-4373-98CA-4F1D989EF82A}.Debug|Any CPU.Build.0 = Debug|Any CPU
		{E1E66C28-82CA-4373-98CA-4F1D989EF82A}.Release|Any CPU.ActiveCfg = Release|Any CPU
		{E1E66C28-82CA-4373-98CA-4F1D989EF82A}.Release|Any CPU.Build.0 = Release|Any CPU
	EndGlobalSection
	GlobalSection(SolutionProperties) = preSolution
		HideSolutionNode = FALSE
	EndGlobalSection
EndGlobal
