
Microsoft Visual Studio Solution File, Format Version 12.00
# Visual Studio 2012
Project("{FAE04EC0-301F-11D3-BF4B-00C04F79EFBC}") = "BluetoothTest", "BluetoothTest\BluetoothTest.csproj", "{A68FC5C4-B413-478E-B3B0-3AA496290FB5}"
EndProject
Global
	GlobalSection(SolutionConfigurationPlatforms) = preSolution
		Debug|iPhoneSimulator = Debug|iPhoneSimulator
		Release|iPhone = Release|iPhone
		Release|iPhoneSimulator = Release|iPhoneSimulator
		Debug|iPhone = Debug|iPhone
	EndGlobalSection
	GlobalSection(ProjectConfigurationPlatforms) = postSolution
		{A68FC5C4-B413-478E-B3B0-3AA496290FB5}.Debug|iPhoneSimulator.ActiveCfg = Debug|iPhoneSimulator
		{A68FC5C4-B413-478E-B3B0-3AA496290FB5}.Debug|iPhoneSimulator.Build.0 = Debug|iPhoneSimulator
		{A68FC5C4-B413-478E-B3B0-3AA496290FB5}.Release|iPhone.ActiveCfg = Release|iPhone
		{A68FC5C4-B413-478E-B3B0-3AA496290FB5}.Release|iPhone.Build.0 = Release|iPhone
		{A68FC5C4-B413-478E-B3B0-3AA496290FB5}.Release|iPhoneSimulator.ActiveCfg = Release|iPhoneSimulator
		{A68FC5C4-B413-478E-B3B0-3AA496290FB5}.Release|iPhoneSimulator.Build.0 = Release|iPhoneSimulator
		{A68FC5C4-B413-478E-B3B0-3AA496290FB5}.Debug|iPhone.ActiveCfg = Debug|iPhone
		{A68FC5C4-B413-478E-B3B0-3AA496290FB5}.Debug|iPhone.Build.0 = Debug|iPhone
	EndGlobalSection
EndGlobal
