
Microsoft Visual Studio Solution File, Format Version 12.00
# Visual Studio 15
Project("{FAE04EC0-301F-11D3-BF4B-00C04F79EFBC}") = "HideTabBar.iOS", "HideTabBar.iOS\HideTabBar.iOS.csproj", "{5B9B069E-6F1D-4C2A-A74A-6160C732A6F7}"
EndProject
Project("{FAE04EC0-301F-11D3-BF4B-00C04F79EFBC}") = "HideTabBar", "HideTabBar\HideTabBar.csproj", "{B3F1D11D-9AAB-4C90-BBCB-CC11438C44C3}"
EndProject
Global
	GlobalSection(SolutionConfigurationPlatforms) = preSolution
		Debug|Any CPU = Debug|Any CPU
		Release|Any CPU = Release|Any CPU
		Debug|iPhoneSimulator = Debug|iPhoneSimulator
		Release|iPhoneSimulator = Release|iPhoneSimulator
		Debug|iPhone = Debug|iPhone
		Release|iPhone = Release|iPhone
	EndGlobalSection
	GlobalSection(ProjectConfigurationPlatforms) = postSolution
		{5B9B069E-6F1D-4C2A-A74A-6160C732A6F7}.Debug|Any CPU.ActiveCfg = Debug|iPhoneSimulator
		{5B9B069E-6F1D-4C2A-A74A-6160C732A6F7}.Debug|Any CPU.Build.0 = Debug|iPhoneSimulator
		{5B9B069E-6F1D-4C2A-A74A-6160C732A6F7}.Release|Any CPU.ActiveCfg = Release|iPhoneSimulator
		{5B9B069E-6F1D-4C2A-A74A-6160C732A6F7}.Release|Any CPU.Build.0 = Release|iPhoneSimulator
		{5B9B069E-6F1D-4C2A-A74A-6160C732A6F7}.Debug|iPhoneSimulator.ActiveCfg = Debug|iPhoneSimulator
		{5B9B069E-6F1D-4C2A-A74A-6160C732A6F7}.Debug|iPhoneSimulator.Build.0 = Debug|iPhoneSimulator
		{5B9B069E-6F1D-4C2A-A74A-6160C732A6F7}.Release|iPhoneSimulator.ActiveCfg = Release|iPhoneSimulator
		{5B9B069E-6F1D-4C2A-A74A-6160C732A6F7}.Release|iPhoneSimulator.Build.0 = Release|iPhoneSimulator
		{5B9B069E-6F1D-4C2A-A74A-6160C732A6F7}.Debug|iPhone.ActiveCfg = Debug|iPhone
		{5B9B069E-6F1D-4C2A-A74A-6160C732A6F7}.Debug|iPhone.Build.0 = Debug|iPhone
		{5B9B069E-6F1D-4C2A-A74A-6160C732A6F7}.Release|iPhone.ActiveCfg = Release|iPhone
		{5B9B069E-6F1D-4C2A-A74A-6160C732A6F7}.Release|iPhone.Build.0 = Release|iPhone
		{B3F1D11D-9AAB-4C90-BBCB-CC11438C44C3}.Debug|Any CPU.ActiveCfg = Debug|Any CPU
		{B3F1D11D-9AAB-4C90-BBCB-CC11438C44C3}.Debug|Any CPU.Build.0 = Debug|Any CPU
		{B3F1D11D-9AAB-4C90-BBCB-CC11438C44C3}.Release|Any CPU.ActiveCfg = Release|Any CPU
		{B3F1D11D-9AAB-4C90-BBCB-CC11438C44C3}.Release|Any CPU.Build.0 = Release|Any CPU
		{B3F1D11D-9AAB-4C90-BBCB-CC11438C44C3}.Debug|iPhoneSimulator.ActiveCfg = Debug|Any CPU
		{B3F1D11D-9AAB-4C90-BBCB-CC11438C44C3}.Debug|iPhoneSimulator.Build.0 = Debug|Any CPU
		{B3F1D11D-9AAB-4C90-BBCB-CC11438C44C3}.Release|iPhoneSimulator.ActiveCfg = Release|Any CPU
		{B3F1D11D-9AAB-4C90-BBCB-CC11438C44C3}.Release|iPhoneSimulator.Build.0 = Release|Any CPU
		{B3F1D11D-9AAB-4C90-BBCB-CC11438C44C3}.Debug|iPhone.ActiveCfg = Debug|Any CPU
		{B3F1D11D-9AAB-4C90-BBCB-CC11438C44C3}.Debug|iPhone.Build.0 = Debug|Any CPU
		{B3F1D11D-9AAB-4C90-BBCB-CC11438C44C3}.Release|iPhone.ActiveCfg = Release|Any CPU
		{B3F1D11D-9AAB-4C90-BBCB-CC11438C44C3}.Release|iPhone.Build.0 = Release|Any CPU
	EndGlobalSection
EndGlobal
